// !$*UTF8*$!
{
	archiveVersion = 1;
	classes = {
	};
	objectVersion = 46;
	objects = {

/* Begin PBXBuildFile section */
		7801D4CB1E3272580079D82F /* HomeController.swift in Sources */ = {isa = PBXBuildFile; fileRef = 7801D4CA1E3272580079D82F /* HomeController.swift */; };
		7801D4CE1E327DF80079D82F /* Extensions .swift in Sources */ = {isa = PBXBuildFile; fileRef = 7801D4CD1E327DF80079D82F /* Extensions .swift */; };
		7801D4D11E327E9D0079D82F /* VideoCell.swift in Sources */ = {isa = PBXBuildFile; fileRef = 7801D4D01E327E9D0079D82F /* VideoCell.swift */; };
		7801D4D41E3281820079D82F /* MenuBar.swift in Sources */ = {isa = PBXBuildFile; fileRef = 7801D4D31E3281820079D82F /* MenuBar.swift */; };
		7856E6331E3318EE00116A6C /* Video.swift in Sources */ = {isa = PBXBuildFile; fileRef = 7856E6321E3318EE00116A6C /* Video.swift */; };
		78DDA8731E322CF700F610E6 /* AppDelegate.swift in Sources */ = {isa = PBXBuildFile; fileRef = 78DDA8721E322CF700F610E6 /* AppDelegate.swift */; };
		78DDA8751E322CF700F610E6 /* RootViewController.swift in Sources */ = {isa = PBXBuildFile; fileRef = 78DDA8741E322CF700F610E6 /* RootViewController.swift */; };
		78DDA8771E322CF700F610E6 /* DataViewController.swift in Sources */ = {isa = PBXBuildFile; fileRef = 78DDA8761E322CF700F610E6 /* DataViewController.swift */; };
		78DDA8791E322CF700F610E6 /* ModelController.swift in Sources */ = {isa = PBXBuildFile; fileRef = 78DDA8781E322CF700F610E6 /* ModelController.swift */; };
		78DDA87C1E322CF800F610E6 /* Main.storyboard in Resources */ = {isa = PBXBuildFile; fileRef = 78DDA87A1E322CF700F610E6 /* Main.storyboard */; };
		78DDA87E1E322CF800F610E6 /* Assets.xcassets in Resources */ = {isa = PBXBuildFile; fileRef = 78DDA87D1E322CF800F610E6 /* Assets.xcassets */; };
		78DDA8811E322CF800F610E6 /* LaunchScreen.storyboard in Resources */ = {isa = PBXBuildFile; fileRef = 78DDA87F1E322CF800F610E6 /* LaunchScreen.storyboard */; };
		78DDA88C1E322CF800F610E6 /* testingTests.swift in Sources */ = {isa = PBXBuildFile; fileRef = 78DDA88B1E322CF800F610E6 /* testingTests.swift */; };
		78DDA8971E322CF800F610E6 /* testingUITests.swift in Sources */ = {isa = PBXBuildFile; fileRef = 78DDA8961E322CF800F610E6 /* testingUITests.swift */; };
/* End PBXBuildFile section */

/* Begin PBXContainerItemProxy section */
		78DDA8881E322CF800F610E6 /* PBXContainerItemProxy */ = {
			isa = PBXContainerItemProxy;
			containerPortal = 78DDA8671E322CF700F610E6 /* Project object */;
			proxyType = 1;
			remoteGlobalIDString = 78DDA86E1E322CF700F610E6;
			remoteInfo = testing;
		};
		78DDA8931E322CF800F610E6 /* PBXContainerItemProxy */ = {
			isa = PBXContainerItemProxy;
			containerPortal = 78DDA8671E322CF700F610E6 /* Project object */;
			proxyType = 1;
			remoteGlobalIDString = 78DDA86E1E322CF700F610E6;
			remoteInfo = testing;
		};
/* End PBXContainerItemProxy section */

/* Begin PBXFileReference section */
		7801D4CA1E3272580079D82F /* HomeController.swift */ = {isa = PBXFileReference; fileEncoding = 4; lastKnownFileType = sourcecode.swift; path = HomeController.swift; sourceTree = "<group>"; };
		7801D4CD1E327DF80079D82F /* Extensions .swift */ = {isa = PBXFileReference; fileEncoding = 4; lastKnownFileType = sourcecode.swift; path = "Extensions .swift"; sourceTree = "<group>"; };
		7801D4D01E327E9D0079D82F /* VideoCell.swift */ = {isa = PBXFileReference; fileEncoding = 4; lastKnownFileType = sourcecode.swift; path = VideoCell.swift; sourceTree = "<group>"; };
		7801D4D31E3281820079D82F /* MenuBar.swift */ = {isa = PBXFileReference; fileEncoding = 4; lastKnownFileType = sourcecode.swift; path = MenuBar.swift; sourceTree = "<group>"; };
		7856E6321E3318EE00116A6C /* Video.swift */ = {isa = PBXFileReference; fileEncoding = 4; lastKnownFileType = sourcecode.swift; path = Video.swift; sourceTree = "<group>"; };
		78DDA86F1E322CF700F610E6 /* YoutubeClone.app */ = {isa = PBXFileReference; explicitFileType = wrapper.application; includeInIndex = 0; path = YoutubeClone.app; sourceTree = BUILT_PRODUCTS_DIR; };
		78DDA8721E322CF700F610E6 /* AppDelegate.swift */ = {isa = PBXFileReference; lastKnownFileType = sourcecode.swift; path = AppDelegate.swift; sourceTree = "<group>"; };
		78DDA8741E322CF700F610E6 /* RootViewController.swift */ = {isa = PBXFileReference; lastKnownFileType = sourcecode.swift; path = RootViewController.swift; sourceTree = "<group>"; };
		78DDA8761E322CF700F610E6 /* DataViewController.swift */ = {isa = PBXFileReference; lastKnownFileType = sourcecode.swift; path = DataViewController.swift; sourceTree = "<group>"; };
		78DDA8781E322CF700F610E6 /* ModelController.swift */ = {isa = PBXFileReference; lastKnownFileType = sourcecode.swift; path = ModelController.swift; sourceTree = "<group>"; };
		78DDA87B1E322CF700F610E6 /* Base */ = {isa = PBXFileReference; lastKnownFileType = file.storyboard; name = Base; path = Base.lproj/Main.storyboard; sourceTree = "<group>"; };
		78DDA87D1E322CF800F610E6 /* Assets.xcassets */ = {isa = PBXFileReference; lastKnownFileType = folder.assetcatalog; path = Assets.xcassets; sourceTree = "<group>"; };
		78DDA8801E322CF800F610E6 /* Base */ = {isa = PBXFileReference; lastKnownFileType = file.storyboard; name = Base; path = Base.lproj/LaunchScreen.storyboard; sourceTree = "<group>"; };
		78DDA8821E322CF800F610E6 /* Info.plist */ = {isa = PBXFileReference; lastKnownFileType = text.plist.xml; path = Info.plist; sourceTree = "<group>"; };
		78DDA8871E322CF800F610E6 /* YoutubeCloneTests.xctest */ = {isa = PBXFileReference; explicitFileType = wrapper.cfbundle; includeInIndex = 0; path = YoutubeCloneTests.xctest; sourceTree = BUILT_PRODUCTS_DIR; };
		78DDA88B1E322CF800F610E6 /* testingTests.swift */ = {isa = PBXFileReference; lastKnownFileType = sourcecode.swift; path = testingTests.swift; sourceTree = "<group>"; };
		78DDA88D1E322CF800F610E6 /* Info.plist */ = {isa = PBXFileReference; lastKnownFileType = text.plist.xml; path = Info.plist; sourceTree = "<group>"; };
		78DDA8921E322CF800F610E6 /* YoutubeCloneUITests.xctest */ = {isa = PBXFileReference; explicitFileType = wrapper.cfbundle; includeInIndex = 0; path = YoutubeCloneUITests.xctest; sourceTree = BUILT_PRODUCTS_DIR; };
		78DDA8961E322CF800F610E6 /* testingUITests.swift */ = {isa = PBXFileReference; lastKnownFileType = sourcecode.swift; path = testingUITests.swift; sourceTree = "<group>"; };
		78DDA8981E322CF800F610E6 /* Info.plist */ = {isa = PBXFileReference; lastKnownFileType = text.plist.xml; path = Info.plist; sourceTree = "<group>"; };
/* End PBXFileReference section */

/* Begin PBXFrameworksBuildPhase section */
		78DDA86C1E322CF700F610E6 /* Frameworks */ = {
			isa = PBXFrameworksBuildPhase;
			buildActionMask = 2147483647;
			files = (
			);
			runOnlyForDeploymentPostprocessing = 0;
		};
		78DDA8841E322CF800F610E6 /* Frameworks */ = {
			isa = PBXFrameworksBuildPhase;
			buildActionMask = 2147483647;
			files = (
			);
			runOnlyForDeploymentPostprocessing = 0;
		};
		78DDA88F1E322CF800F610E6 /* Frameworks */ = {
			isa = PBXFrameworksBuildPhase;
			buildActionMask = 2147483647;
			files = (
			);
			runOnlyForDeploymentPostprocessing = 0;
		};
/* End PBXFrameworksBuildPhase section */

/* Begin PBXGroup section */
		7801D4CC1E327DCC0079D82F /* Helpers */ = {
			isa = PBXGroup;
			children = (
				7801D4CD1E327DF80079D82F /* Extensions .swift */,
			);
			name = Helpers;
			sourceTree = "<group>";
		};
		7801D4CF1E327E6C0079D82F /* View */ = {
			isa = PBXGroup;
			children = (
				7801D4D01E327E9D0079D82F /* VideoCell.swift */,
			);
			name = View;
			sourceTree = "<group>";
		};
		7801D4D21E327EF70079D82F /* Controller */ = {
			isa = PBXGroup;
			children = (
				7801D4CA1E3272580079D82F /* HomeController.swift */,
				7801D4D31E3281820079D82F /* MenuBar.swift */,
			);
			name = Controller;
			sourceTree = "<group>";
		};
		7856E6311E3318DD00116A6C /* Model */ = {
			isa = PBXGroup;
			children = (
				7856E6321E3318EE00116A6C /* Video.swift */,
			);
			name = Model;
			sourceTree = "<group>";
		};
		78DDA8661E322CF700F610E6 = {
			isa = PBXGroup;
			children = (
				78DDA8711E322CF700F610E6 /* youtube */,
				78DDA88A1E322CF800F610E6 /* testingTests */,
				78DDA8951E322CF800F610E6 /* testingUITests */,
				78DDA8701E322CF700F610E6 /* Products */,
			);
			sourceTree = "<group>";
		};
		78DDA8701E322CF700F610E6 /* Products */ = {
			isa = PBXGroup;
			children = (
				78DDA86F1E322CF700F610E6 /* YoutubeClone.app */,
				78DDA8871E322CF800F610E6 /* YoutubeCloneTests.xctest */,
				78DDA8921E322CF800F610E6 /* YoutubeCloneUITests.xctest */,
			);
			name = Products;
			sourceTree = "<group>";
		};
		78DDA8711E322CF700F610E6 /* youtube */ = {
			isa = PBXGroup;
			children = (
				7856E6311E3318DD00116A6C /* Model */,
				7801D4D21E327EF70079D82F /* Controller */,
				7801D4CF1E327E6C0079D82F /* View */,
				7801D4CC1E327DCC0079D82F /* Helpers */,
				78DDA8721E322CF700F610E6 /* AppDelegate.swift */,
				78DDA8741E322CF700F610E6 /* RootViewController.swift */,
				78DDA8761E322CF700F610E6 /* DataViewController.swift */,
				78DDA8781E322CF700F610E6 /* ModelController.swift */,
				78DDA87A1E322CF700F610E6 /* Main.storyboard */,
				78DDA87D1E322CF800F610E6 /* Assets.xcassets */,
				78DDA87F1E322CF800F610E6 /* LaunchScreen.storyboard */,
				78DDA8821E322CF800F610E6 /* Info.plist */,
			);
			name = youtube;
			path = testing;
			sourceTree = "<group>";
		};
		78DDA88A1E322CF800F610E6 /* testingTests */ = {
			isa = PBXGroup;
			children = (
				78DDA88B1E322CF800F610E6 /* testingTests.swift */,
				78DDA88D1E322CF800F610E6 /* Info.plist */,
			);
			path = testingTests;
			sourceTree = "<group>";
		};
		78DDA8951E322CF800F610E6 /* testingUITests */ = {
			isa = PBXGroup;
			children = (
				78DDA8961E322CF800F610E6 /* testingUITests.swift */,
				78DDA8981E322CF800F610E6 /* Info.plist */,
			);
			path = testingUITests;
			sourceTree = "<group>";
		};
/* End PBXGroup section */

/* Begin PBXNativeTarget section */
		78DDA86E1E322CF700F610E6 /* YoutubeClone */ = {
			isa = PBXNativeTarget;
			buildConfigurationList = 78DDA89B1E322CF800F610E6 /* Build configuration list for PBXNativeTarget "YoutubeClone" */;
			buildPhases = (
				78DDA86B1E322CF700F610E6 /* Sources */,
				78DDA86C1E322CF700F610E6 /* Frameworks */,
				78DDA86D1E322CF700F610E6 /* Resources */,
			);
			buildRules = (
			);
			dependencies = (
			);
			name = YoutubeClone;
			productName = testing;
			productReference = 78DDA86F1E322CF700F610E6 /* YoutubeClone.app */;
			productType = "com.apple.product-type.application";
		};
		78DDA8861E322CF800F610E6 /* YoutubeCloneTests */ = {
			isa = PBXNativeTarget;
			buildConfigurationList = 78DDA89E1E322CF800F610E6 /* Build configuration list for PBXNativeTarget "YoutubeCloneTests" */;
			buildPhases = (
				78DDA8831E322CF800F610E6 /* Sources */,
				78DDA8841E322CF800F610E6 /* Frameworks */,
				78DDA8851E322CF800F610E6 /* Resources */,
			);
			buildRules = (
			);
			dependencies = (
				78DDA8891E322CF800F610E6 /* PBXTargetDependency */,
			);
			name = YoutubeCloneTests;
			productName = testingTests;
			productReference = 78DDA8871E322CF800F610E6 /* YoutubeCloneTests.xctest */;
			productType = "com.apple.product-type.bundle.unit-test";
		};
		78DDA8911E322CF800F610E6 /* YoutubeCloneUITests */ = {
			isa = PBXNativeTarget;
			buildConfigurationList = 78DDA8A11E322CF800F610E6 /* Build configuration list for PBXNativeTarget "YoutubeCloneUITests" */;
			buildPhases = (
				78DDA88E1E322CF800F610E6 /* Sources */,
				78DDA88F1E322CF800F610E6 /* Frameworks */,
				78DDA8901E322CF800F610E6 /* Resources */,
			);
			buildRules = (
			);
			dependencies = (
				78DDA8941E322CF800F610E6 /* PBXTargetDependency */,
			);
			name = YoutubeCloneUITests;
			productName = testingUITests;
			productReference = 78DDA8921E322CF800F610E6 /* YoutubeCloneUITests.xctest */;
			productType = "com.apple.product-type.bundle.ui-testing";
		};
/* End PBXNativeTarget section */

/* Begin PBXProject section */
		78DDA8671E322CF700F610E6 /* Project object */ = {
			isa = PBXProject;
			attributes = {
				LastSwiftUpdateCheck = 0820;
				LastUpgradeCheck = 0820;
				ORGANIZATIONNAME = "Pankaj Rawat";
				TargetAttributes = {
					78DDA86E1E322CF700F610E6 = {
						CreatedOnToolsVersion = 8.2.1;
						ProvisioningStyle = Automatic;
					};
					78DDA8861E322CF800F610E6 = {
						CreatedOnToolsVersion = 8.2.1;
						ProvisioningStyle = Automatic;
						TestTargetID = 78DDA86E1E322CF700F610E6;
					};
					78DDA8911E322CF800F610E6 = {
						CreatedOnToolsVersion = 8.2.1;
						ProvisioningStyle = Automatic;
						TestTargetID = 78DDA86E1E322CF700F610E6;
					};
				};
			};
			buildConfigurationList = 78DDA86A1E322CF700F610E6 /* Build configuration list for PBXProject "YoutubeClone" */;
			compatibilityVersion = "Xcode 3.2";
			developmentRegion = English;
			hasScannedForEncodings = 0;
			knownRegions = (
				en,
				Base,
			);
			mainGroup = 78DDA8661E322CF700F610E6;
			productRefGroup = 78DDA8701E322CF700F610E6 /* Products */;
			projectDirPath = "";
			projectRoot = "";
			targets = (
				78DDA86E1E322CF700F610E6 /* YoutubeClone */,
				78DDA8861E322CF800F610E6 /* YoutubeCloneTests */,
				78DDA8911E322CF800F610E6 /* YoutubeCloneUITests */,
			);
		};
/* End PBXProject section */

/* Begin PBXResourcesBuildPhase section */
		78DDA86D1E322CF700F610E6 /* Resources */ = {
			isa = PBXResourcesBuildPhase;
			buildActionMask = 2147483647;
			files = (
				78DDA8811E322CF800F610E6 /* LaunchScreen.storyboard in Resources */,
				78DDA87E1E322CF800F610E6 /* Assets.xcassets in Resources */,
				78DDA87C1E322CF800F610E6 /* Main.storyboard in Resources */,
			);
			runOnlyForDeploymentPostprocessing = 0;
		};
		78DDA8851E322CF800F610E6 /* Resources */ = {
			isa = PBXResourcesBuildPhase;
			buildActionMask = 2147483647;
			files = (
			);
			runOnlyForDeploymentPostprocessing = 0;
		};
		78DDA8901E322CF800F610E6 /* Resources */ = {
			isa = PBXResourcesBuildPhase;
			buildActionMask = 2147483647;
			files = (
			);
			runOnlyForDeploymentPostprocessing = 0;
		};
/* End PBXResourcesBuildPhase section */

/* Begin PBXSourcesBuildPhase section */
		78DDA86B1E322CF700F610E6 /* Sources */ = {
			isa = PBXSourcesBuildPhase;
			buildActionMask = 2147483647;
			files = (
				7801D4CE1E327DF80079D82F /* Extensions .swift in Sources */,
				7801D4D11E327E9D0079D82F /* VideoCell.swift in Sources */,
				7801D4D41E3281820079D82F /* MenuBar.swift in Sources */,
				7801D4CB1E3272580079D82F /* HomeController.swift in Sources */,
				7856E6331E3318EE00116A6C /* Video.swift in Sources */,
				78DDA8751E322CF700F610E6 /* RootViewController.swift in Sources */,
				78DDA8791E322CF700F610E6 /* ModelController.swift in Sources */,
				78DDA8771E322CF700F610E6 /* DataViewController.swift in Sources */,
				78DDA8731E322CF700F610E6 /* AppDelegate.swift in Sources */,
			);
			runOnlyForDeploymentPostprocessing = 0;
		};
		78DDA8831E322CF800F610E6 /* Sources */ = {
			isa = PBXSourcesBuildPhase;
			buildActionMask = 2147483647;
			files = (
				78DDA88C1E322CF800F610E6 /* testingTests.swift in Sources */,
			);
			runOnlyForDeploymentPostprocessing = 0;
		};
		78DDA88E1E322CF800F610E6 /* Sources */ = {
			isa = PBXSourcesBuildPhase;
			buildActionMask = 2147483647;
			files = (
				78DDA8971E322CF800F610E6 /* testingUITests.swift in Sources */,
			);
			runOnlyForDeploymentPostprocessing = 0;
		};
/* End PBXSourcesBuildPhase section */

/* Begin PBXTargetDependency section */
		78DDA8891E322CF800F610E6 /* PBXTargetDependency */ = {
			isa = PBXTargetDependency;
			target = 78DDA86E1E322CF700F610E6 /* YoutubeClone */;
			targetProxy = 78DDA8881E322CF800F610E6 /* PBXContainerItemProxy */;
		};
		78DDA8941E322CF800F610E6 /* PBXTargetDependency */ = {
			isa = PBXTargetDependency;
			target = 78DDA86E1E322CF700F610E6 /* YoutubeClone */;
			targetProxy = 78DDA8931E322CF800F610E6 /* PBXContainerItemProxy */;
		};
/* End PBXTargetDependency section */

/* Begin PBXVariantGroup section */
		78DDA87A1E322CF700F610E6 /* Main.storyboard */ = {
			isa = PBXVariantGroup;
			children = (
				78DDA87B1E322CF700F610E6 /* Base */,
			);
			name = Main.storyboard;
			sourceTree = "<group>";
		};
		78DDA87F1E322CF800F610E6 /* LaunchScreen.storyboard */ = {
			isa = PBXVariantGroup;
			children = (
				78DDA8801E322CF800F610E6 /* Base */,
			);
			name = LaunchScreen.storyboard;
			sourceTree = "<group>";
		};
/* End PBXVariantGroup section */

/* Begin XCBuildConfiguration section */
		78DDA8991E322CF800F610E6 /* Debug */ = {
			isa = XCBuildConfiguration;
			buildSettings = {
				ALWAYS_SEARCH_USER_PATHS = NO;
				CLANG_ANALYZER_NONNULL = YES;
				CLANG_CXX_LANGUAGE_STANDARD = "gnu++0x";
				CLANG_CXX_LIBRARY = "libc++";
				CLANG_ENABLE_MODULES = YES;
				CLANG_ENABLE_OBJC_ARC = YES;
				CLANG_WARN_BOOL_CONVERSION = YES;
				CLANG_WARN_CONSTANT_CONVERSION = YES;
				CLANG_WARN_DIRECT_OBJC_ISA_USAGE = YES_ERROR;
				CLANG_WARN_DOCUMENTATION_COMMENTS = YES;
				CLANG_WARN_EMPTY_BODY = YES;
				CLANG_WARN_ENUM_CONVERSION = YES;
				CLANG_WARN_INFINITE_RECURSION = YES;
				CLANG_WARN_INT_CONVERSION = YES;
				CLANG_WARN_OBJC_ROOT_CLASS = YES_ERROR;
				CLANG_WARN_SUSPICIOUS_MOVE = YES;
				CLANG_WARN_UNREACHABLE_CODE = YES;
				CLANG_WARN__DUPLICATE_METHOD_MATCH = YES;
				"CODE_SIGN_IDENTITY[sdk=iphoneos*]" = "iPhone Developer";
				COPY_PHASE_STRIP = NO;
				DEBUG_INFORMATION_FORMAT = dwarf;
				ENABLE_STRICT_OBJC_MSGSEND = YES;
				ENABLE_TESTABILITY = YES;
				GCC_C_LANGUAGE_STANDARD = gnu99;
				GCC_DYNAMIC_NO_PIC = NO;
				GCC_NO_COMMON_BLOCKS = YES;
				GCC_OPTIMIZATION_LEVEL = 0;
				GCC_PREPROCESSOR_DEFINITIONS = (
					"DEBUG=1",
					"$(inherited)",
				);
				GCC_WARN_64_TO_32_BIT_CONVERSION = YES;
				GCC_WARN_ABOUT_RETURN_TYPE = YES_ERROR;
				GCC_WARN_UNDECLARED_SELECTOR = YES;
				GCC_WARN_UNINITIALIZED_AUTOS = YES_AGGRESSIVE;
				GCC_WARN_UNUSED_FUNCTION = YES;
				GCC_WARN_UNUSED_VARIABLE = YES;
				IPHONEOS_DEPLOYMENT_TARGET = 10.2;
				MTL_ENABLE_DEBUG_INFO = YES;
				ONLY_ACTIVE_ARCH = YES;
				SDKROOT = iphoneos;
				SWIFT_ACTIVE_COMPILATION_CONDITIONS = DEBUG;
				SWIFT_OPTIMIZATION_LEVEL = "-Onone";
			};
			name = Debug;
		};
		78DDA89A1E322CF800F610E6 /* Release */ = {
			isa = XCBuildConfiguration;
			buildSettings = {
				ALWAYS_SEARCH_USER_PATHS = NO;
				CLANG_ANALYZER_NONNULL = YES;
				CLANG_CXX_LANGUAGE_STANDARD = "gnu++0x";
				CLANG_CXX_LIBRARY = "libc++";
				CLANG_ENABLE_MODULES = YES;
				CLANG_ENABLE_OBJC_ARC = YES;
				CLANG_WARN_BOOL_CONVERSION = YES;
				CLANG_WARN_CONSTANT_CONVERSION = YES;
				CLANG_WARN_DIRECT_OBJC_ISA_USAGE = YES_ERROR;
				CLANG_WARN_DOCUMENTATION_COMMENTS = YES;
				CLANG_WARN_EMPTY_BODY = YES;
				CLANG_WARN_ENUM_CONVERSION = YES;
				CLANG_WARN_INFINITE_RECURSION = YES;
				CLANG_WARN_INT_CONVERSION = YES;
				CLANG_WARN_OBJC_ROOT_CLASS = YES_ERROR;
				CLANG_WARN_SUSPICIOUS_MOVE = YES;
				CLANG_WARN_UNREACHABLE_CODE = YES;
				CLANG_WARN__DUPLICATE_METHOD_MATCH = YES;
				"CODE_SIGN_IDENTITY[sdk=iphoneos*]" = "iPhone Developer";
				COPY_PHASE_STRIP = NO;
				DEBUG_INFORMATION_FORMAT = "dwarf-with-dsym";
				ENABLE_NS_ASSERTIONS = NO;
				ENABLE_STRICT_OBJC_MSGSEND = YES;
				GCC_C_LANGUAGE_STANDARD = gnu99;
				GCC_NO_COMMON_BLOCKS = YES;
				GCC_WARN_64_TO_32_BIT_CONVERSION = YES;
				GCC_WARN_ABOUT_RETURN_TYPE = YES_ERROR;
				GCC_WARN_UNDECLARED_SELECTOR = YES;
				GCC_WARN_UNINITIALIZED_AUTOS = YES_AGGRESSIVE;
				GCC_WARN_UNUSED_FUNCTION = YES;
				GCC_WARN_UNUSED_VARIABLE = YES;
				IPHONEOS_DEPLOYMENT_TARGET = 10.2;
				MTL_ENABLE_DEBUG_INFO = NO;
				SDKROOT = iphoneos;
				SWIFT_OPTIMIZATION_LEVEL = "-Owholemodule";
				VALIDATE_PRODUCT = YES;
			};
			name = Release;
		};
		78DDA89C1E322CF800F610E6 /* Debug */ = {
			isa = XCBuildConfiguration;
			buildSettings = {
				ASSETCATALOG_COMPILER_APPICON_NAME = AppIcon;
				INFOPLIST_FILE = testing/Info.plist;
				LD_RUNPATH_SEARCH_PATHS = "$(inherited) @executable_path/Frameworks";
				PRODUCT_BUNDLE_IDENTIFIER = aviabird.testing;
				PRODUCT_NAME = "$(TARGET_NAME)";
				SWIFT_VERSION = 3.0;
			};
			name = Debug;
		};
		78DDA89D1E322CF800F610E6 /* Release */ = {
			isa = XCBuildConfiguration;
			buildSettings = {
				ASSETCATALOG_COMPILER_APPICON_NAME = AppIcon;
				INFOPLIST_FILE = testing/Info.plist;
				LD_RUNPATH_SEARCH_PATHS = "$(inherited) @executable_path/Frameworks";
				PRODUCT_BUNDLE_IDENTIFIER = aviabird.testing;
				PRODUCT_NAME = "$(TARGET_NAME)";
				SWIFT_VERSION = 3.0;
			};
			name = Release;
		};
		78DDA89F1E322CF800F610E6 /* Debug */ = {
			isa = XCBuildConfiguration;
			buildSettings = {
				ALWAYS_EMBED_SWIFT_STANDARD_LIBRARIES = YES;
				BUNDLE_LOADER = "$(TEST_HOST)";
				INFOPLIST_FILE = testingTests/Info.plist;
				LD_RUNPATH_SEARCH_PATHS = "$(inherited) @executable_path/Frameworks @loader_path/Frameworks";
				PRODUCT_BUNDLE_IDENTIFIER = aviabird.testingTests;
				PRODUCT_NAME = "$(TARGET_NAME)";
				SWIFT_VERSION = 3.0;
				TEST_HOST = "$(BUILT_PRODUCTS_DIR)/YoutubeClone.app/YoutubeClone";
			};
			name = Debug;
		};
		78DDA8A01E322CF800F610E6 /* Release */ = {
			isa = XCBuildConfiguration;
			buildSettings = {
				ALWAYS_EMBED_SWIFT_STANDARD_LIBRARIES = YES;
				BUNDLE_LOADER = "$(TEST_HOST)";
				INFOPLIST_FILE = testingTests/Info.plist;
				LD_RUNPATH_SEARCH_PATHS = "$(inherited) @executable_path/Frameworks @loader_path/Frameworks";
				PRODUCT_BUNDLE_IDENTIFIER = aviabird.testingTests;
				PRODUCT_NAME = "$(TARGET_NAME)";
				SWIFT_VERSION = 3.0;
				TEST_HOST = "$(BUILT_PRODUCTS_DIR)/YoutubeClone.app/YoutubeClone";
			};
			name = Release;
		};
		78DDA8A21E322CF800F610E6 /* Debug */ = {
			isa = XCBuildConfiguration;
			buildSettings = {
				ALWAYS_EMBED_SWIFT_STANDARD_LIBRARIES = YES;
				INFOPLIST_FILE = testingUITests/Info.plist;
				LD_RUNPATH_SEARCH_PATHS = "$(inherited) @executable_path/Frameworks @loader_path/Frameworks";
				PRODUCT_BUNDLE_IDENTIFIER = aviabird.testingUITests;
				PRODUCT_NAME = "$(TARGET_NAME)";
				SWIFT_VERSION = 3.0;
				TEST_TARGET_NAME = testing;
			};
			name = Debug;
		};
		78DDA8A31E322CF800F610E6 /* Release */ = {
			isa = XCBuildConfiguration;
			buildSettings = {
				ALWAYS_EMBED_SWIFT_STANDARD_LIBRARIES = YES;
				INFOPLIST_FILE = testingUITests/Info.plist;
				LD_RUNPATH_SEARCH_PATHS = "$(inherited) @executable_path/Frameworks @loader_path/Frameworks";
				PRODUCT_BUNDLE_IDENTIFIER = aviabird.testingUITests;
				PRODUCT_NAME = "$(TARGET_NAME)";
				SWIFT_VERSION = 3.0;
				TEST_TARGET_NAME = testing;
			};
			name = Release;
		};
/* End XCBuildConfiguration section */

/* Begin XCConfigurationList section */
		78DDA86A1E322CF700F610E6 /* Build configuration list for PBXProject "YoutubeClone" */ = {
			isa = XCConfigurationList;
			buildConfigurations = (
				78DDA8991E322CF800F610E6 /* Debug */,
				78DDA89A1E322CF800F610E6 /* Release */,
			);
			defaultConfigurationIsVisible = 0;
			defaultConfigurationName = Release;
		};
		78DDA89B1E322CF800F610E6 /* Build configuration list for PBXNativeTarget "YoutubeClone" */ = {
			isa = XCConfigurationList;
			buildConfigurations = (
				78DDA89C1E322CF800F610E6 /* Debug */,
				78DDA89D1E322CF800F610E6 /* Release */,
			);
			defaultConfigurationIsVisible = 0;
			defaultConfigurationName = Release;
		};
		78DDA89E1E322CF800F610E6 /* Build configuration list for PBXNativeTarget "YoutubeCloneTests" */ = {
			isa = XCConfigurationList;
			buildConfigurations = (
				78DDA89F1E322CF800F610E6 /* Debug */,
				78DDA8A01E322CF800F610E6 /* Release */,
			);
			defaultConfigurationIsVisible = 0;
			defaultConfigurationName = Release;
		};
		78DDA8A11E322CF800F610E6 /* Build configuration list for PBXNativeTarget "YoutubeCloneUITests" */ = {
			isa = XCConfigurationList;
			buildConfigurations = (
				78DDA8A21E322CF800F610E6 /* Debug */,
				78DDA8A31E322CF800F610E6 /* Release */,
			);
			defaultConfigurationIsVisible = 0;
			defaultConfigurationName = Release;
		};
/* End XCConfigurationList section */
	};
	rootObject = 78DDA8671E322CF700F610E6 /* Project object */;
}
